// !$*UTF8*$!
{
	archiveVersion = 1;
	classes = {
	};
	objectVersion = 50;
	objects = {

/* Begin PBXBuildFile section */
		34A5E5E1268E475C002C6811 /* AppDelegate.swift in Sources */ = {isa = PBXBuildFile; fileRef = 34A5E5E0268E475C002C6811 /* AppDelegate.swift */; };
		34A5E5E3268E475C002C6811 /* SceneDelegate.swift in Sources */ = {isa = PBXBuildFile; fileRef = 34A5E5E2268E475C002C6811 /* SceneDelegate.swift */; };
		34A5E5EA268E475E002C6811 /* Assets.xcassets in Resources */ = {isa = PBXBuildFile; fileRef = 34A5E5E9268E475E002C6811 /* Assets.xcassets */; };
		34A5E5ED268E475E002C6811 /* LaunchScreen.storyboard in Resources */ = {isa = PBXBuildFile; fileRef = 34A5E5EB268E475E002C6811 /* LaunchScreen.storyboard */; };
		34A5E5FA268E4BE4002C6811 /* Movies.storyboard in Resources */ = {isa = PBXBuildFile; fileRef = 34A5E5F9268E4BE4002C6811 /* Movies.storyboard */; };
		34A5E5FC268E4BFB002C6811 /* Movies.ViewController.swift in Sources */ = {isa = PBXBuildFile; fileRef = 34A5E5FB268E4BFB002C6811 /* Movies.ViewController.swift */; };
		34A5E5FE268E541D002C6811 /* Movie.TableViewCell.swift in Sources */ = {isa = PBXBuildFile; fileRef = 34A5E5FD268E541D002C6811 /* Movie.TableViewCell.swift */; };
		34A5E602268E56B5002C6811 /* Movies.controller.swift in Sources */ = {isa = PBXBuildFile; fileRef = 34A5E601268E56B5002C6811 /* Movies.controller.swift */; };
		34A5E605268E58DF002C6811 /* MovieResponse.swift in Sources */ = {isa = PBXBuildFile; fileRef = 34A5E604268E58DF002C6811 /* MovieResponse.swift */; };
		34A5E607268E5C49002C6811 /* API.swift in Sources */ = {isa = PBXBuildFile; fileRef = 34A5E606268E5C49002C6811 /* API.swift */; };
		34A5E60A268F7796002C6811 /* Movie.swift in Sources */ = {isa = PBXBuildFile; fileRef = 34A5E609268F7796002C6811 /* Movie.swift */; };
		34A5E60C268F7B3C002C6811 /* PopularMoviesResponse.swift in Sources */ = {isa = PBXBuildFile; fileRef = 34A5E60B268F7B3C002C6811 /* PopularMoviesResponse.swift */; };
		34A5E60E268F7BAD002C6811 /* MoviesPlayingNowResponse.swift in Sources */ = {isa = PBXBuildFile; fileRef = 34A5E60D268F7BAD002C6811 /* MoviesPlayingNowResponse.swift */; };
		34A5E611268F7C94002C6811 /* MovieAPI.swift in Sources */ = {isa = PBXBuildFile; fileRef = 34A5E610268F7C94002C6811 /* MovieAPI.swift */; };
		34A5E614268F9253002C6811 /* environment.swift in Sources */ = {isa = PBXBuildFile; fileRef = 34A5E613268F9253002C6811 /* environment.swift */; };
/* End PBXBuildFile section */

/* Begin PBXFileReference section */
		34A5E5DD268E475C002C6811 /* web-consuming.app */ = {isa = PBXFileReference; explicitFileType = wrapper.application; includeInIndex = 0; path = "web-consuming.app"; sourceTree = BUILT_PRODUCTS_DIR; };
		34A5E5E0268E475C002C6811 /* AppDelegate.swift */ = {isa = PBXFileReference; lastKnownFileType = sourcecode.swift; path = AppDelegate.swift; sourceTree = "<group>"; };
		34A5E5E2268E475C002C6811 /* SceneDelegate.swift */ = {isa = PBXFileReference; lastKnownFileType = sourcecode.swift; path = SceneDelegate.swift; sourceTree = "<group>"; };
		34A5E5E9268E475E002C6811 /* Assets.xcassets */ = {isa = PBXFileReference; lastKnownFileType = folder.assetcatalog; path = Assets.xcassets; sourceTree = "<group>"; };
		34A5E5EC268E475E002C6811 /* Base */ = {isa = PBXFileReference; lastKnownFileType = file.storyboard; name = Base; path = Base.lproj/LaunchScreen.storyboard; sourceTree = "<group>"; };
		34A5E5EE268E475E002C6811 /* Info.plist */ = {isa = PBXFileReference; lastKnownFileType = text.plist.xml; path = Info.plist; sourceTree = "<group>"; };
		34A5E5F9268E4BE4002C6811 /* Movies.storyboard */ = {isa = PBXFileReference; lastKnownFileType = file.storyboard; path = Movies.storyboard; sourceTree = "<group>"; };
		34A5E5FB268E4BFB002C6811 /* Movies.ViewController.swift */ = {isa = PBXFileReference; lastKnownFileType = sourcecode.swift; path = Movies.ViewController.swift; sourceTree = "<group>"; };
		34A5E5FD268E541D002C6811 /* Movie.TableViewCell.swift */ = {isa = PBXFileReference; lastKnownFileType = sourcecode.swift; path = Movie.TableViewCell.swift; sourceTree = "<group>"; };
		34A5E601268E56B5002C6811 /* Movies.controller.swift */ = {isa = PBXFileReference; lastKnownFileType = sourcecode.swift; path = Movies.controller.swift; sourceTree = "<group>"; };
		34A5E604268E58DF002C6811 /* MovieResponse.swift */ = {isa = PBXFileReference; lastKnownFileType = sourcecode.swift; path = MovieResponse.swift; sourceTree = "<group>"; };
		34A5E606268E5C49002C6811 /* API.swift */ = {isa = PBXFileReference; lastKnownFileType = sourcecode.swift; path = API.swift; sourceTree = "<group>"; };
		34A5E609268F7796002C6811 /* Movie.swift */ = {isa = PBXFileReference; lastKnownFileType = sourcecode.swift; path = Movie.swift; sourceTree = "<group>"; };
		34A5E60B268F7B3C002C6811 /* PopularMoviesResponse.swift */ = {isa = PBXFileReference; lastKnownFileType = sourcecode.swift; path = PopularMoviesResponse.swift; sourceTree = "<group>"; };
		34A5E60D268F7BAD002C6811 /* MoviesPlayingNowResponse.swift */ = {isa = PBXFileReference; lastKnownFileType = sourcecode.swift; path = MoviesPlayingNowResponse.swift; sourceTree = "<group>"; };
		34A5E610268F7C94002C6811 /* MovieAPI.swift */ = {isa = PBXFileReference; lastKnownFileType = sourcecode.swift; path = MovieAPI.swift; sourceTree = "<group>"; };
		34A5E613268F9253002C6811 /* environment.swift */ = {isa = PBXFileReference; lastKnownFileType = sourcecode.swift; path = environment.swift; sourceTree = "<group>"; };
/* End PBXFileReference section */

/* Begin PBXFrameworksBuildPhase section */
		34A5E5DA268E475C002C6811 /* Frameworks */ = {
			isa = PBXFrameworksBuildPhase;
			buildActionMask = 2147483647;
			files = (
			);
			runOnlyForDeploymentPostprocessing = 0;
		};
/* End PBXFrameworksBuildPhase section */

/* Begin PBXGroup section */
		34A5E5D4268E475C002C6811 = {
			isa = PBXGroup;
			children = (
				34A5E5DF268E475C002C6811 /* web-consuming */,
				34A5E5DE268E475C002C6811 /* Products */,
			);
			sourceTree = "<group>";
		};
		34A5E5DE268E475C002C6811 /* Products */ = {
			isa = PBXGroup;
			children = (
				34A5E5DD268E475C002C6811 /* web-consuming.app */,
			);
			name = Products;
			sourceTree = "<group>";
		};
		34A5E5DF268E475C002C6811 /* web-consuming */ = {
			isa = PBXGroup;
			children = (
				34A5E608268F778F002C6811 /* Models */,
				34A5E5F6268E4B67002C6811 /* Views */,
				34A5E5F4268E4B47002C6811 /* Services */,
				34A5E5E0268E475C002C6811 /* AppDelegate.swift */,
				34A5E5E2268E475C002C6811 /* SceneDelegate.swift */,
				34A5E5E9268E475E002C6811 /* Assets.xcassets */,
				34A5E5EB268E475E002C6811 /* LaunchScreen.storyboard */,
				34A5E5EE268E475E002C6811 /* Info.plist */,
				34A5E613268F9253002C6811 /* environment.swift */,
			);
			path = "web-consuming";
			sourceTree = "<group>";
		};
		34A5E5F4268E4B47002C6811 /* Services */ = {
			isa = PBXGroup;
			children = (
				34A5E5F5268E4B60002C6811 /* API */,
			);
			path = Services;
			sourceTree = "<group>";
		};
		34A5E5F5268E4B60002C6811 /* API */ = {
			isa = PBXGroup;
			children = (
				34A5E60F268F7C7B002C6811 /* Clients */,
				34A5E603268E58D8002C6811 /* Models */,
				34A5E606268E5C49002C6811 /* API.swift */,
			);
			path = API;
			sourceTree = "<group>";
		};
		34A5E5F6268E4B67002C6811 /* Views */ = {
			isa = PBXGroup;
			children = (
				34A5E5F8268E4BCA002C6811 /* Details */,
				34A5E5F7268E4BC6002C6811 /* Movies */,
			);
			path = Views;
			sourceTree = "<group>";
		};
		34A5E5F7268E4BC6002C6811 /* Movies */ = {
			isa = PBXGroup;
			children = (
				34A5E5F9268E4BE4002C6811 /* Movies.storyboard */,
				34A5E5FB268E4BFB002C6811 /* Movies.ViewController.swift */,
				34A5E5FD268E541D002C6811 /* Movie.TableViewCell.swift */,
				34A5E601268E56B5002C6811 /* Movies.controller.swift */,
			);
			path = Movies;
			sourceTree = "<group>";
		};
		34A5E5F8268E4BCA002C6811 /* Details */ = {
			isa = PBXGroup;
			children = (
			);
			path = Details;
			sourceTree = "<group>";
		};
		34A5E603268E58D8002C6811 /* Models */ = {
			isa = PBXGroup;
			children = (
				34A5E604268E58DF002C6811 /* MovieResponse.swift */,
				34A5E60B268F7B3C002C6811 /* PopularMoviesResponse.swift */,
				34A5E60D268F7BAD002C6811 /* MoviesPlayingNowResponse.swift */,
			);
			path = Models;
			sourceTree = "<group>";
		};
		34A5E608268F778F002C6811 /* Models */ = {
			isa = PBXGroup;
			children = (
				34A5E609268F7796002C6811 /* Movie.swift */,
			);
			path = Models;
			sourceTree = "<group>";
		};
		34A5E60F268F7C7B002C6811 /* Clients */ = {
			isa = PBXGroup;
			children = (
				34A5E610268F7C94002C6811 /* MovieAPI.swift */,
			);
			path = Clients;
			sourceTree = "<group>";
		};
/* End PBXGroup section */

/* Begin PBXNativeTarget section */
		34A5E5DC268E475C002C6811 /* web-consuming */ = {
			isa = PBXNativeTarget;
			buildConfigurationList = 34A5E5F1268E475E002C6811 /* Build configuration list for PBXNativeTarget "web-consuming" */;
			buildPhases = (
				34A5E5D9268E475C002C6811 /* Sources */,
				34A5E5DA268E475C002C6811 /* Frameworks */,
				34A5E5DB268E475C002C6811 /* Resources */,
			);
			buildRules = (
			);
			dependencies = (
			);
			name = "web-consuming";
			productName = "web-consuming";
			productReference = 34A5E5DD268E475C002C6811 /* web-consuming.app */;
			productType = "com.apple.product-type.application";
		};
/* End PBXNativeTarget section */

/* Begin PBXProject section */
		34A5E5D5268E475C002C6811 /* Project object */ = {
			isa = PBXProject;
			attributes = {
				LastSwiftUpdateCheck = 1250;
				LastUpgradeCheck = 1250;
				TargetAttributes = {
					34A5E5DC268E475C002C6811 = {
						CreatedOnToolsVersion = 12.5;
					};
				};
			};
			buildConfigurationList = 34A5E5D8268E475C002C6811 /* Build configuration list for PBXProject "web-consuming" */;
			compatibilityVersion = "Xcode 9.3";
			developmentRegion = en;
			hasScannedForEncodings = 0;
			knownRegions = (
				en,
				Base,
			);
			mainGroup = 34A5E5D4268E475C002C6811;
			productRefGroup = 34A5E5DE268E475C002C6811 /* Products */;
			projectDirPath = "";
			projectRoot = "";
			targets = (
				34A5E5DC268E475C002C6811 /* web-consuming */,
			);
		};
/* End PBXProject section */

/* Begin PBXResourcesBuildPhase section */
		34A5E5DB268E475C002C6811 /* Resources */ = {
			isa = PBXResourcesBuildPhase;
			buildActionMask = 2147483647;
			files = (
				34A5E5ED268E475E002C6811 /* LaunchScreen.storyboard in Resources */,
				34A5E5EA268E475E002C6811 /* Assets.xcassets in Resources */,
				34A5E5FA268E4BE4002C6811 /* Movies.storyboard in Resources */,
			);
			runOnlyForDeploymentPostprocessing = 0;
		};
/* End PBXResourcesBuildPhase section */

/* Begin PBXSourcesBuildPhase section */
		34A5E5D9268E475C002C6811 /* Sources */ = {
			isa = PBXSourcesBuildPhase;
			buildActionMask = 2147483647;
			files = (
				34A5E5FE268E541D002C6811 /* Movie.TableViewCell.swift in Sources */,
				34A5E5E1268E475C002C6811 /* AppDelegate.swift in Sources */,
				34A5E60C268F7B3C002C6811 /* PopularMoviesResponse.swift in Sources */,
				34A5E60E268F7BAD002C6811 /* MoviesPlayingNowResponse.swift in Sources */,
				34A5E611268F7C94002C6811 /* MovieAPI.swift in Sources */,
				34A5E614268F9253002C6811 /* environment.swift in Sources */,
				34A5E5E3268E475C002C6811 /* SceneDelegate.swift in Sources */,
				34A5E602268E56B5002C6811 /* Movies.controller.swift in Sources */,
				34A5E5FC268E4BFB002C6811 /* Movies.ViewController.swift in Sources */,
				34A5E605268E58DF002C6811 /* MovieResponse.swift in Sources */,
				34A5E607268E5C49002C6811 /* API.swift in Sources */,
				34A5E60A268F7796002C6811 /* Movie.swift in Sources */,
			);
			runOnlyForDeploymentPostprocessing = 0;
		};
/* End PBXSourcesBuildPhase section */

/* Begin PBXVariantGroup section */
		34A5E5EB268E475E002C6811 /* LaunchScreen.storyboard */ = {
			isa = PBXVariantGroup;
			children = (
				34A5E5EC268E475E002C6811 /* Base */,
			);
			name = LaunchScreen.storyboard;
			sourceTree = "<group>";
		};
/* End PBXVariantGroup section */

/* Begin XCBuildConfiguration section */
		34A5E5EF268E475E002C6811 /* Debug */ = {
			isa = XCBuildConfiguration;
			buildSettings = {
				ALWAYS_SEARCH_USER_PATHS = NO;
				CLANG_ANALYZER_NONNULL = YES;
				CLANG_ANALYZER_NUMBER_OBJECT_CONVERSION = YES_AGGRESSIVE;
				CLANG_CXX_LANGUAGE_STANDARD = "gnu++14";
				CLANG_CXX_LIBRARY = "libc++";
				CLANG_ENABLE_MODULES = YES;
				CLANG_ENABLE_OBJC_ARC = YES;
				CLANG_ENABLE_OBJC_WEAK = YES;
				CLANG_WARN_BLOCK_CAPTURE_AUTORELEASING = YES;
				CLANG_WARN_BOOL_CONVERSION = YES;
				CLANG_WARN_COMMA = YES;
				CLANG_WARN_CONSTANT_CONVERSION = YES;
				CLANG_WARN_DEPRECATED_OBJC_IMPLEMENTATIONS = YES;
				CLANG_WARN_DIRECT_OBJC_ISA_USAGE = YES_ERROR;
				CLANG_WARN_DOCUMENTATION_COMMENTS = YES;
				CLANG_WARN_EMPTY_BODY = YES;
				CLANG_WARN_ENUM_CONVERSION = YES;
				CLANG_WARN_INFINITE_RECURSION = YES;
				CLANG_WARN_INT_CONVERSION = YES;
				CLANG_WARN_NON_LITERAL_NULL_CONVERSION = YES;
				CLANG_WARN_OBJC_IMPLICIT_RETAIN_SELF = YES;
				CLANG_WARN_OBJC_LITERAL_CONVERSION = YES;
				CLANG_WARN_OBJC_ROOT_CLASS = YES_ERROR;
				CLANG_WARN_QUOTED_INCLUDE_IN_FRAMEWORK_HEADER = YES;
				CLANG_WARN_RANGE_LOOP_ANALYSIS = YES;
				CLANG_WARN_STRICT_PROTOTYPES = YES;
				CLANG_WARN_SUSPICIOUS_MOVE = YES;
				CLANG_WARN_UNGUARDED_AVAILABILITY = YES_AGGRESSIVE;
				CLANG_WARN_UNREACHABLE_CODE = YES;
				CLANG_WARN__DUPLICATE_METHOD_MATCH = YES;
				COPY_PHASE_STRIP = NO;
				DEBUG_INFORMATION_FORMAT = dwarf;
				ENABLE_STRICT_OBJC_MSGSEND = YES;
				ENABLE_TESTABILITY = YES;
				GCC_C_LANGUAGE_STANDARD = gnu11;
				GCC_DYNAMIC_NO_PIC = NO;
				GCC_NO_COMMON_BLOCKS = YES;
				GCC_OPTIMIZATION_LEVEL = 0;
				GCC_PREPROCESSOR_DEFINITIONS = (
					"DEBUG=1",
					"$(inherited)",
				);
				GCC_WARN_64_TO_32_BIT_CONVERSION = YES;
				GCC_WARN_ABOUT_RETURN_TYPE = YES_ERROR;
				GCC_WARN_UNDECLARED_SELECTOR = YES;
				GCC_WARN_UNINITIALIZED_AUTOS = YES_AGGRESSIVE;
				GCC_WARN_UNUSED_FUNCTION = YES;
				GCC_WARN_UNUSED_VARIABLE = YES;
				IPHONEOS_DEPLOYMENT_TARGET = 14.5;
				MTL_ENABLE_DEBUG_INFO = INCLUDE_SOURCE;
				MTL_FAST_MATH = YES;
				ONLY_ACTIVE_ARCH = YES;
				SDKROOT = iphoneos;
				SWIFT_ACTIVE_COMPILATION_CONDITIONS = DEBUG;
				SWIFT_OPTIMIZATION_LEVEL = "-Onone";
			};
			name = Debug;
		};
		34A5E5F0268E475E002C6811 /* Release */ = {
			isa = XCBuildConfiguration;
			buildSettings = {
				ALWAYS_SEARCH_USER_PATHS = NO;
				CLANG_ANALYZER_NONNULL = YES;
				CLANG_ANALYZER_NUMBER_OBJECT_CONVERSION = YES_AGGRESSIVE;
				CLANG_CXX_LANGUAGE_STANDARD = "gnu++14";
				CLANG_CXX_LIBRARY = "libc++";
				CLANG_ENABLE_MODULES = YES;
				CLANG_ENABLE_OBJC_ARC = YES;
				CLANG_ENABLE_OBJC_WEAK = YES;
				CLANG_WARN_BLOCK_CAPTURE_AUTORELEASING = YES;
				CLANG_WARN_BOOL_CONVERSION = YES;
				CLANG_WARN_COMMA = YES;
				CLANG_WARN_CONSTANT_CONVERSION = YES;
				CLANG_WARN_DEPRECATED_OBJC_IMPLEMENTATIONS = YES;
				CLANG_WARN_DIRECT_OBJC_ISA_USAGE = YES_ERROR;
				CLANG_WARN_DOCUMENTATION_COMMENTS = YES;
				CLANG_WARN_EMPTY_BODY = YES;
				CLANG_WARN_ENUM_CONVERSION = YES;
				CLANG_WARN_INFINITE_RECURSION = YES;
				CLANG_WARN_INT_CONVERSION = YES;
				CLANG_WARN_NON_LITERAL_NULL_CONVERSION = YES;
				CLANG_WARN_OBJC_IMPLICIT_RETAIN_SELF = YES;
				CLANG_WARN_OBJC_LITERAL_CONVERSION = YES;
				CLANG_WARN_OBJC_ROOT_CLASS = YES_ERROR;
				CLANG_WARN_QUOTED_INCLUDE_IN_FRAMEWORK_HEADER = YES;
				CLANG_WARN_RANGE_LOOP_ANALYSIS = YES;
				CLANG_WARN_STRICT_PROTOTYPES = YES;
				CLANG_WARN_SUSPICIOUS_MOVE = YES;
				CLANG_WARN_UNGUARDED_AVAILABILITY = YES_AGGRESSIVE;
				CLANG_WARN_UNREACHABLE_CODE = YES;
				CLANG_WARN__DUPLICATE_METHOD_MATCH = YES;
				COPY_PHASE_STRIP = NO;
				DEBUG_INFORMATION_FORMAT = "dwarf-with-dsym";
				ENABLE_NS_ASSERTIONS = NO;
				ENABLE_STRICT_OBJC_MSGSEND = YES;
				GCC_C_LANGUAGE_STANDARD = gnu11;
				GCC_NO_COMMON_BLOCKS = YES;
				GCC_WARN_64_TO_32_BIT_CONVERSION = YES;
				GCC_WARN_ABOUT_RETURN_TYPE = YES_ERROR;
				GCC_WARN_UNDECLARED_SELECTOR = YES;
				GCC_WARN_UNINITIALIZED_AUTOS = YES_AGGRESSIVE;
				GCC_WARN_UNUSED_FUNCTION = YES;
				GCC_WARN_UNUSED_VARIABLE = YES;
				IPHONEOS_DEPLOYMENT_TARGET = 14.5;
				MTL_ENABLE_DEBUG_INFO = NO;
				MTL_FAST_MATH = YES;
				SDKROOT = iphoneos;
				SWIFT_COMPILATION_MODE = wholemodule;
				SWIFT_OPTIMIZATION_LEVEL = "-O";
				VALIDATE_PRODUCT = YES;
			};
			name = Release;
		};
		34A5E5F2268E475E002C6811 /* Debug */ = {
			isa = XCBuildConfiguration;
			buildSettings = {
				ASSETCATALOG_COMPILER_APPICON_NAME = AppIcon;
				ASSETCATALOG_COMPILER_GLOBAL_ACCENT_COLOR_NAME = AccentColor;
				CODE_SIGN_STYLE = Automatic;
				DEVELOPMENT_TEAM = R5QH5STGGP;
				INFOPLIST_FILE = "web-consuming/Info.plist";
				LD_RUNPATH_SEARCH_PATHS = (
					"$(inherited)",
					"@executable_path/Frameworks",
				);
				PRODUCT_BUNDLE_IDENTIFIER = "web-consuming.web-consuming";
				PRODUCT_NAME = "$(TARGET_NAME)";
				SWIFT_VERSION = 5.0;
				TARGETED_DEVICE_FAMILY = "1,2";
			};
			name = Debug;
		};
		34A5E5F3268E475E002C6811 /* Release */ = {
			isa = XCBuildConfiguration;
			buildSettings = {
				ASSETCATALOG_COMPILER_APPICON_NAME = AppIcon;
				ASSETCATALOG_COMPILER_GLOBAL_ACCENT_COLOR_NAME = AccentColor;
				CODE_SIGN_STYLE = Automatic;
				DEVELOPMENT_TEAM = R5QH5STGGP;
				INFOPLIST_FILE = "web-consuming/Info.plist";
				LD_RUNPATH_SEARCH_PATHS = (
					"$(inherited)",
					"@executable_path/Frameworks",
				);
				PRODUCT_BUNDLE_IDENTIFIER = "web-consuming.web-consuming";
				PRODUCT_NAME = "$(TARGET_NAME)";
				SWIFT_VERSION = 5.0;
				TARGETED_DEVICE_FAMILY = "1,2";
			};
			name = Release;
		};
/* End XCBuildConfiguration section */

/* Begin XCConfigurationList section */
		34A5E5D8268E475C002C6811 /* Build configuration list for PBXProject "web-consuming" */ = {
			isa = XCConfigurationList;
			buildConfigurations = (
				34A5E5EF268E475E002C6811 /* Debug */,
				34A5E5F0268E475E002C6811 /* Release */,
			);
			defaultConfigurationIsVisible = 0;
			defaultConfigurationName = Release;
		};
		34A5E5F1268E475E002C6811 /* Build configuration list for PBXNativeTarget "web-consuming" */ = {
			isa = XCConfigurationList;
			buildConfigurations = (
				34A5E5F2268E475E002C6811 /* Debug */,
				34A5E5F3268E475E002C6811 /* Release */,
			);
			defaultConfigurationIsVisible = 0;
			defaultConfigurationName = Release;
		};
/* End XCConfigurationList section */
	};
	rootObject = 34A5E5D5268E475C002C6811 /* Project object */;
}
